// !$*UTF8*$!
{
	archiveVersion = 1;
	classes = {
	};
	objectVersion = 50;
	objects = {

/* Begin PBXBuildFile section */
		3E3173B4213AE46C00A453DC /* GameBoardSlotView.swift in Sources */ = {isa = PBXBuildFile; fileRef = 3E3173B3213AE46C00A453DC /* GameBoardSlotView.swift */; };
		3E36BF3D212E7B4E005FB15D /* GameBoardView.swift in Sources */ = {isa = PBXBuildFile; fileRef = 3E36BF3C212E7B4E005FB15D /* GameBoardView.swift */; };
		3E702F4E2124C85B00A40939 /* AppDelegate.swift in Sources */ = {isa = PBXBuildFile; fileRef = 3E702F4D2124C85B00A40939 /* AppDelegate.swift */; };
		3E702F502124C85B00A40939 /* ViewController.swift in Sources */ = {isa = PBXBuildFile; fileRef = 3E702F4F2124C85B00A40939 /* ViewController.swift */; };
		3E702F532124C85B00A40939 /* Main.storyboard in Resources */ = {isa = PBXBuildFile; fileRef = 3E702F512124C85B00A40939 /* Main.storyboard */; };
		3E702F552124C85D00A40939 /* Assets.xcassets in Resources */ = {isa = PBXBuildFile; fileRef = 3E702F542124C85D00A40939 /* Assets.xcassets */; };
		3E702F582124C85D00A40939 /* LaunchScreen.storyboard in Resources */ = {isa = PBXBuildFile; fileRef = 3E702F562124C85D00A40939 /* LaunchScreen.storyboard */; };
		3E702F6A2127D71A00A40939 /* FourInARowTests.swift in Sources */ = {isa = PBXBuildFile; fileRef = 3E702F692127D71A00A40939 /* FourInARowTests.swift */; };
		3E86A25B213BBD4B009E9C14 /* GamePieceView.swift in Sources */ = {isa = PBXBuildFile; fileRef = 3E86A25A213BBD4B009E9C14 /* GamePieceView.swift */; };
		3E86A25D213C4DB5009E9C14 /* UIView+Extensions.swift in Sources */ = {isa = PBXBuildFile; fileRef = 3E86A25C213C4DB5009E9C14 /* UIView+Extensions.swift */; };
		3E97CED4215224E800FF898B /* TouchIndicatorGestureRecognizer.swift in Sources */ = {isa = PBXBuildFile; fileRef = 3E97CED3215224E800FF898B /* TouchIndicatorGestureRecognizer.swift */; };
		3EF70E84213AD76C0091AAF1 /* GameBoardTests.swift in Sources */ = {isa = PBXBuildFile; fileRef = 3EF70E83213AD76C0091AAF1 /* GameBoardTests.swift */; };
		3EF70E86213AD79E0091AAF1 /* GameBoardInitTests.swift in Sources */ = {isa = PBXBuildFile; fileRef = 3EF70E85213AD79E0091AAF1 /* GameBoardInitTests.swift */; };
		3EF70E88213AD85C0091AAF1 /* FourInARowGame.swift in Sources */ = {isa = PBXBuildFile; fileRef = 3EF70E87213AD85C0091AAF1 /* FourInARowGame.swift */; };
		3EF70E8A213AD8940091AAF1 /* FourInARowVector2D.swift in Sources */ = {isa = PBXBuildFile; fileRef = 3EF70E89213AD8940091AAF1 /* FourInARowVector2D.swift */; };
		3EF70E8C213AD8B70091AAF1 /* FourInARowDirection.swift in Sources */ = {isa = PBXBuildFile; fileRef = 3EF70E8B213AD8B70091AAF1 /* FourInARowDirection.swift */; };
/* End PBXBuildFile section */

/* Begin PBXContainerItemProxy section */
		3E702F6C2127D71A00A40939 /* PBXContainerItemProxy */ = {
			isa = PBXContainerItemProxy;
			containerPortal = 3E702F422124C85B00A40939 /* Project object */;
			proxyType = 1;
			remoteGlobalIDString = 3E702F492124C85B00A40939;
			remoteInfo = FourInARow;
		};
/* End PBXContainerItemProxy section */

/* Begin PBXFileReference section */
		3E3173B3213AE46C00A453DC /* GameBoardSlotView.swift */ = {isa = PBXFileReference; lastKnownFileType = sourcecode.swift; path = GameBoardSlotView.swift; sourceTree = "<group>"; };
		3E36BF3C212E7B4E005FB15D /* GameBoardView.swift */ = {isa = PBXFileReference; lastKnownFileType = sourcecode.swift; path = GameBoardView.swift; sourceTree = "<group>"; };
		3E36BF3E212E86F1005FB15D /* GameBoardInputView.swift */ = {isa = PBXFileReference; fileEncoding = 4; lastKnownFileType = sourcecode.swift; path = GameBoardInputView.swift; sourceTree = "<group>"; };
		3E702F4A2124C85B00A40939 /* FourInARow.app */ = {isa = PBXFileReference; explicitFileType = wrapper.application; includeInIndex = 0; path = FourInARow.app; sourceTree = BUILT_PRODUCTS_DIR; };
		3E702F4D2124C85B00A40939 /* AppDelegate.swift */ = {isa = PBXFileReference; lastKnownFileType = sourcecode.swift; path = AppDelegate.swift; sourceTree = "<group>"; };
		3E702F4F2124C85B00A40939 /* ViewController.swift */ = {isa = PBXFileReference; lastKnownFileType = sourcecode.swift; path = ViewController.swift; sourceTree = "<group>"; };
		3E702F522124C85B00A40939 /* Base */ = {isa = PBXFileReference; lastKnownFileType = file.storyboard; name = Base; path = Base.lproj/Main.storyboard; sourceTree = "<group>"; };
		3E702F542124C85D00A40939 /* Assets.xcassets */ = {isa = PBXFileReference; lastKnownFileType = folder.assetcatalog; path = Assets.xcassets; sourceTree = "<group>"; };
		3E702F572124C85D00A40939 /* Base */ = {isa = PBXFileReference; lastKnownFileType = file.storyboard; name = Base; path = Base.lproj/LaunchScreen.storyboard; sourceTree = "<group>"; };
		3E702F592124C85D00A40939 /* Info.plist */ = {isa = PBXFileReference; lastKnownFileType = text.plist.xml; path = Info.plist; sourceTree = "<group>"; };
		3E702F672127D71A00A40939 /* FourInARowTests.xctest */ = {isa = PBXFileReference; explicitFileType = wrapper.cfbundle; includeInIndex = 0; path = FourInARowTests.xctest; sourceTree = BUILT_PRODUCTS_DIR; };
		3E702F692127D71A00A40939 /* FourInARowTests.swift */ = {isa = PBXFileReference; lastKnownFileType = sourcecode.swift; path = FourInARowTests.swift; sourceTree = "<group>"; };
		3E702F6B2127D71A00A40939 /* Info.plist */ = {isa = PBXFileReference; lastKnownFileType = text.plist.xml; path = Info.plist; sourceTree = "<group>"; };
		3E86A25A213BBD4B009E9C14 /* GamePieceView.swift */ = {isa = PBXFileReference; fileEncoding = 4; lastKnownFileType = sourcecode.swift; path = GamePieceView.swift; sourceTree = "<group>"; };
		3E86A25C213C4DB5009E9C14 /* UIView+Extensions.swift */ = {isa = PBXFileReference; lastKnownFileType = sourcecode.swift; path = "UIView+Extensions.swift"; sourceTree = "<group>"; };
		3E97CED3215224E800FF898B /* TouchIndicatorGestureRecognizer.swift */ = {isa = PBXFileReference; fileEncoding = 4; lastKnownFileType = sourcecode.swift; path = TouchIndicatorGestureRecognizer.swift; sourceTree = "<group>"; };
		3EF70E83213AD76C0091AAF1 /* GameBoardTests.swift */ = {isa = PBXFileReference; lastKnownFileType = sourcecode.swift; path = GameBoardTests.swift; sourceTree = "<group>"; };
		3EF70E85213AD79E0091AAF1 /* GameBoardInitTests.swift */ = {isa = PBXFileReference; lastKnownFileType = sourcecode.swift; path = GameBoardInitTests.swift; sourceTree = "<group>"; };
		3EF70E87213AD85C0091AAF1 /* FourInARowGame.swift */ = {isa = PBXFileReference; lastKnownFileType = sourcecode.swift; path = FourInARowGame.swift; sourceTree = "<group>"; };
		3EF70E89213AD8940091AAF1 /* FourInARowVector2D.swift */ = {isa = PBXFileReference; lastKnownFileType = sourcecode.swift; path = FourInARowVector2D.swift; sourceTree = "<group>"; };
		3EF70E8B213AD8B70091AAF1 /* FourInARowDirection.swift */ = {isa = PBXFileReference; lastKnownFileType = sourcecode.swift; path = FourInARowDirection.swift; sourceTree = "<group>"; };
/* End PBXFileReference section */

/* Begin PBXFrameworksBuildPhase section */
		3E702F472124C85B00A40939 /* Frameworks */ = {
			isa = PBXFrameworksBuildPhase;
			buildActionMask = 2147483647;
			files = (
			);
			runOnlyForDeploymentPostprocessing = 0;
		};
		3E702F642127D71A00A40939 /* Frameworks */ = {
			isa = PBXFrameworksBuildPhase;
			buildActionMask = 2147483647;
			files = (
			);
			runOnlyForDeploymentPostprocessing = 0;
		};
/* End PBXFrameworksBuildPhase section */

/* Begin PBXGroup section */
		3E702F412124C85B00A40939 = {
			isa = PBXGroup;
			children = (
				3E702F4C2124C85B00A40939 /* FourInARow */,
				3E702F682127D71A00A40939 /* FourInARowTests */,
				3E702F4B2124C85B00A40939 /* Products */,
			);
			sourceTree = "<group>";
		};
		3E702F4B2124C85B00A40939 /* Products */ = {
			isa = PBXGroup;
			children = (
				3E702F4A2124C85B00A40939 /* FourInARow.app */,
				3E702F672127D71A00A40939 /* FourInARowTests.xctest */,
			);
			name = Products;
			sourceTree = "<group>";
		};
		3E702F4C2124C85B00A40939 /* FourInARow */ = {
			isa = PBXGroup;
			children = (
				3E97CED3215224E800FF898B /* TouchIndicatorGestureRecognizer.swift */,
				3E702F592124C85D00A40939 /* Info.plist */,
				3E702F562124C85D00A40939 /* LaunchScreen.storyboard */,
				3E702F512124C85B00A40939 /* Main.storyboard */,
				3E702F542124C85D00A40939 /* Assets.xcassets */,
				3E702F4D2124C85B00A40939 /* AppDelegate.swift */,
				3E702F4F2124C85B00A40939 /* ViewController.swift */,
				3E36BF3C212E7B4E005FB15D /* GameBoardView.swift */,
				3E3173B3213AE46C00A453DC /* GameBoardSlotView.swift */,
				3E86A25A213BBD4B009E9C14 /* GamePieceView.swift */,
				3E36BF3E212E86F1005FB15D /* GameBoardInputView.swift */,
				3EF70E87213AD85C0091AAF1 /* FourInARowGame.swift */,
				3EF70E8B213AD8B70091AAF1 /* FourInARowDirection.swift */,
				3EF70E89213AD8940091AAF1 /* FourInARowVector2D.swift */,
				3E86A25C213C4DB5009E9C14 /* UIView+Extensions.swift */,
			);
			path = FourInARow;
			sourceTree = "<group>";
		};
		3E702F682127D71A00A40939 /* FourInARowTests */ = {
			isa = PBXGroup;
			children = (
				3EF70E83213AD76C0091AAF1 /* GameBoardTests.swift */,
				3EF70E85213AD79E0091AAF1 /* GameBoardInitTests.swift */,
				3E702F692127D71A00A40939 /* FourInARowTests.swift */,
				3E702F6B2127D71A00A40939 /* Info.plist */,
			);
			path = FourInARowTests;
			sourceTree = "<group>";
		};
/* End PBXGroup section */

/* Begin PBXNativeTarget section */
		3E702F492124C85B00A40939 /* FourInARow */ = {
			isa = PBXNativeTarget;
			buildConfigurationList = 3E702F5C2124C85D00A40939 /* Build configuration list for PBXNativeTarget "FourInARow" */;
			buildPhases = (
				3E702F462124C85B00A40939 /* Sources */,
				3E702F472124C85B00A40939 /* Frameworks */,
				3E702F482124C85B00A40939 /* Resources */,
			);
			buildRules = (
			);
			dependencies = (
			);
			name = FourInARow;
			productName = FourInARow;
			productReference = 3E702F4A2124C85B00A40939 /* FourInARow.app */;
			productType = "com.apple.product-type.application";
		};
		3E702F662127D71A00A40939 /* FourInARowTests */ = {
			isa = PBXNativeTarget;
			buildConfigurationList = 3E702F6E2127D71A00A40939 /* Build configuration list for PBXNativeTarget "FourInARowTests" */;
			buildPhases = (
				3E702F632127D71A00A40939 /* Sources */,
				3E702F642127D71A00A40939 /* Frameworks */,
				3E702F652127D71A00A40939 /* Resources */,
			);
			buildRules = (
			);
			dependencies = (
				3E702F6D2127D71A00A40939 /* PBXTargetDependency */,
			);
			name = FourInARowTests;
			productName = FourInARowTests;
			productReference = 3E702F672127D71A00A40939 /* FourInARowTests.xctest */;
			productType = "com.apple.product-type.bundle.unit-test";
		};
/* End PBXNativeTarget section */

/* Begin PBXProject section */
		3E702F422124C85B00A40939 /* Project object */ = {
			isa = PBXProject;
			attributes = {
				LastSwiftUpdateCheck = 0940;
				LastUpgradeCheck = 0940;
				ORGANIZATIONNAME = 4MFD;
				TargetAttributes = {
					3E702F492124C85B00A40939 = {
						CreatedOnToolsVersion = 9.4.1;
						LastSwiftMigration = 1000;
					};
					3E702F662127D71A00A40939 = {
						CreatedOnToolsVersion = 9.4.1;
						LastSwiftMigration = 1000;
						TestTargetID = 3E702F492124C85B00A40939;
					};
				};
			};
			buildConfigurationList = 3E702F452124C85B00A40939 /* Build configuration list for PBXProject "FourInARow" */;
			compatibilityVersion = "Xcode 9.3";
			developmentRegion = en;
			hasScannedForEncodings = 0;
			knownRegions = (
				en,
				Base,
			);
			mainGroup = 3E702F412124C85B00A40939;
			productRefGroup = 3E702F4B2124C85B00A40939 /* Products */;
			projectDirPath = "";
			projectRoot = "";
			targets = (
				3E702F492124C85B00A40939 /* FourInARow */,
				3E702F662127D71A00A40939 /* FourInARowTests */,
			);
		};
/* End PBXProject section */

/* Begin PBXResourcesBuildPhase section */
		3E702F482124C85B00A40939 /* Resources */ = {
			isa = PBXResourcesBuildPhase;
			buildActionMask = 2147483647;
			files = (
				3E702F582124C85D00A40939 /* LaunchScreen.storyboard in Resources */,
				3E702F552124C85D00A40939 /* Assets.xcassets in Resources */,
				3E702F532124C85B00A40939 /* Main.storyboard in Resources */,
			);
			runOnlyForDeploymentPostprocessing = 0;
		};
		3E702F652127D71A00A40939 /* Resources */ = {
			isa = PBXResourcesBuildPhase;
			buildActionMask = 2147483647;
			files = (
			);
			runOnlyForDeploymentPostprocessing = 0;
		};
/* End PBXResourcesBuildPhase section */

/* Begin PBXSourcesBuildPhase section */
		3E702F462124C85B00A40939 /* Sources */ = {
			isa = PBXSourcesBuildPhase;
			buildActionMask = 2147483647;
			files = (
				3E702F502124C85B00A40939 /* ViewController.swift in Sources */,
				3E86A25B213BBD4B009E9C14 /* GamePieceView.swift in Sources */,
				3EF70E8A213AD8940091AAF1 /* FourInARowVector2D.swift in Sources */,
				3E86A25D213C4DB5009E9C14 /* UIView+Extensions.swift in Sources */,
				3EF70E88213AD85C0091AAF1 /* FourInARowGame.swift in Sources */,
				3E97CED4215224E800FF898B /* TouchIndicatorGestureRecognizer.swift in Sources */,
				3E3173B4213AE46C00A453DC /* GameBoardSlotView.swift in Sources */,
				3E702F4E2124C85B00A40939 /* AppDelegate.swift in Sources */,
				3E36BF3D212E7B4E005FB15D /* GameBoardView.swift in Sources */,
				3EF70E8C213AD8B70091AAF1 /* FourInARowDirection.swift in Sources */,
			);
			runOnlyForDeploymentPostprocessing = 0;
		};
		3E702F632127D71A00A40939 /* Sources */ = {
			isa = PBXSourcesBuildPhase;
			buildActionMask = 2147483647;
			files = (
				3EF70E86213AD79E0091AAF1 /* GameBoardInitTests.swift in Sources */,
				3E702F6A2127D71A00A40939 /* FourInARowTests.swift in Sources */,
				3EF70E84213AD76C0091AAF1 /* GameBoardTests.swift in Sources */,
			);
			runOnlyForDeploymentPostprocessing = 0;
		};
/* End PBXSourcesBuildPhase section */

/* Begin PBXTargetDependency section */
		3E702F6D2127D71A00A40939 /* PBXTargetDependency */ = {
			isa = PBXTargetDependency;
			target = 3E702F492124C85B00A40939 /* FourInARow */;
			targetProxy = 3E702F6C2127D71A00A40939 /* PBXContainerItemProxy */;
		};
/* End PBXTargetDependency section */

/* Begin PBXVariantGroup section */
		3E702F512124C85B00A40939 /* Main.storyboard */ = {
			isa = PBXVariantGroup;
			children = (
				3E702F522124C85B00A40939 /* Base */,
			);
			name = Main.storyboard;
			sourceTree = "<group>";
		};
		3E702F562124C85D00A40939 /* LaunchScreen.storyboard */ = {
			isa = PBXVariantGroup;
			children = (
				3E702F572124C85D00A40939 /* Base */,
			);
			name = LaunchScreen.storyboard;
			sourceTree = "<group>";
		};
/* End PBXVariantGroup section */

/* Begin XCBuildConfiguration section */
		3E702F5A2124C85D00A40939 /* Debug */ = {
			isa = XCBuildConfiguration;
			buildSettings = {
				ALWAYS_SEARCH_USER_PATHS = NO;
				CLANG_ANALYZER_NONNULL = YES;
				CLANG_ANALYZER_NUMBER_OBJECT_CONVERSION = YES_AGGRESSIVE;
				CLANG_CXX_LANGUAGE_STANDARD = "gnu++14";
				CLANG_CXX_LIBRARY = "libc++";
				CLANG_ENABLE_MODULES = YES;
				CLANG_ENABLE_OBJC_ARC = YES;
				CLANG_ENABLE_OBJC_WEAK = YES;
				CLANG_WARN_BLOCK_CAPTURE_AUTORELEASING = YES;
				CLANG_WARN_BOOL_CONVERSION = YES;
				CLANG_WARN_COMMA = YES;
				CLANG_WARN_CONSTANT_CONVERSION = YES;
				CLANG_WARN_DEPRECATED_OBJC_IMPLEMENTATIONS = YES;
				CLANG_WARN_DIRECT_OBJC_ISA_USAGE = YES_ERROR;
				CLANG_WARN_DOCUMENTATION_COMMENTS = YES;
				CLANG_WARN_EMPTY_BODY = YES;
				CLANG_WARN_ENUM_CONVERSION = YES;
				CLANG_WARN_INFINITE_RECURSION = YES;
				CLANG_WARN_INT_CONVERSION = YES;
				CLANG_WARN_NON_LITERAL_NULL_CONVERSION = YES;
				CLANG_WARN_OBJC_IMPLICIT_RETAIN_SELF = YES;
				CLANG_WARN_OBJC_LITERAL_CONVERSION = YES;
				CLANG_WARN_OBJC_ROOT_CLASS = YES_ERROR;
				CLANG_WARN_RANGE_LOOP_ANALYSIS = YES;
				CLANG_WARN_STRICT_PROTOTYPES = YES;
				CLANG_WARN_SUSPICIOUS_MOVE = YES;
				CLANG_WARN_UNGUARDED_AVAILABILITY = YES_AGGRESSIVE;
				CLANG_WARN_UNREACHABLE_CODE = YES;
				CLANG_WARN__DUPLICATE_METHOD_MATCH = YES;
				CODE_SIGN_IDENTITY = "iPhone Developer";
				COPY_PHASE_STRIP = NO;
				DEBUG_INFORMATION_FORMAT = dwarf;
				ENABLE_STRICT_OBJC_MSGSEND = YES;
				ENABLE_TESTABILITY = YES;
				GCC_C_LANGUAGE_STANDARD = gnu11;
				GCC_DYNAMIC_NO_PIC = NO;
				GCC_NO_COMMON_BLOCKS = YES;
				GCC_OPTIMIZATION_LEVEL = 0;
				GCC_PREPROCESSOR_DEFINITIONS = (
					"DEBUG=1",
					"$(inherited)",
				);
				GCC_WARN_64_TO_32_BIT_CONVERSION = YES;
				GCC_WARN_ABOUT_RETURN_TYPE = YES_ERROR;
				GCC_WARN_UNDECLARED_SELECTOR = YES;
				GCC_WARN_UNINITIALIZED_AUTOS = YES_AGGRESSIVE;
				GCC_WARN_UNUSED_FUNCTION = YES;
				GCC_WARN_UNUSED_VARIABLE = YES;
				IPHONEOS_DEPLOYMENT_TARGET = 11.4;
				MTL_ENABLE_DEBUG_INFO = YES;
				ONLY_ACTIVE_ARCH = YES;
				SDKROOT = iphoneos;
				SWIFT_ACTIVE_COMPILATION_CONDITIONS = DEBUG;
				SWIFT_OPTIMIZATION_LEVEL = "-Onone";
			};
			name = Debug;
		};
		3E702F5B2124C85D00A40939 /* Release */ = {
			isa = XCBuildConfiguration;
			buildSettings = {
				ALWAYS_SEARCH_USER_PATHS = NO;
				CLANG_ANALYZER_NONNULL = YES;
				CLANG_ANALYZER_NUMBER_OBJECT_CONVERSION = YES_AGGRESSIVE;
				CLANG_CXX_LANGUAGE_STANDARD = "gnu++14";
				CLANG_CXX_LIBRARY = "libc++";
				CLANG_ENABLE_MODULES = YES;
				CLANG_ENABLE_OBJC_ARC = YES;
				CLANG_ENABLE_OBJC_WEAK = YES;
				CLANG_WARN_BLOCK_CAPTURE_AUTORELEASING = YES;
				CLANG_WARN_BOOL_CONVERSION = YES;
				CLANG_WARN_COMMA = YES;
				CLANG_WARN_CONSTANT_CONVERSION = YES;
				CLANG_WARN_DEPRECATED_OBJC_IMPLEMENTATIONS = YES;
				CLANG_WARN_DIRECT_OBJC_ISA_USAGE = YES_ERROR;
				CLANG_WARN_DOCUMENTATION_COMMENTS = YES;
				CLANG_WARN_EMPTY_BODY = YES;
				CLANG_WARN_ENUM_CONVERSION = YES;
				CLANG_WARN_INFINITE_RECURSION = YES;
				CLANG_WARN_INT_CONVERSION = YES;
				CLANG_WARN_NON_LITERAL_NULL_CONVERSION = YES;
				CLANG_WARN_OBJC_IMPLICIT_RETAIN_SELF = YES;
				CLANG_WARN_OBJC_LITERAL_CONVERSION = YES;
				CLANG_WARN_OBJC_ROOT_CLASS = YES_ERROR;
				CLANG_WARN_RANGE_LOOP_ANALYSIS = YES;
				CLANG_WARN_STRICT_PROTOTYPES = YES;
				CLANG_WARN_SUSPICIOUS_MOVE = YES;
				CLANG_WARN_UNGUARDED_AVAILABILITY = YES_AGGRESSIVE;
				CLANG_WARN_UNREACHABLE_CODE = YES;
				CLANG_WARN__DUPLICATE_METHOD_MATCH = YES;
				CODE_SIGN_IDENTITY = "iPhone Developer";
				COPY_PHASE_STRIP = NO;
				DEBUG_INFORMATION_FORMAT = "dwarf-with-dsym";
				ENABLE_NS_ASSERTIONS = NO;
				ENABLE_STRICT_OBJC_MSGSEND = YES;
				GCC_C_LANGUAGE_STANDARD = gnu11;
				GCC_NO_COMMON_BLOCKS = YES;
				GCC_WARN_64_TO_32_BIT_CONVERSION = YES;
				GCC_WARN_ABOUT_RETURN_TYPE = YES_ERROR;
				GCC_WARN_UNDECLARED_SELECTOR = YES;
				GCC_WARN_UNINITIALIZED_AUTOS = YES_AGGRESSIVE;
				GCC_WARN_UNUSED_FUNCTION = YES;
				GCC_WARN_UNUSED_VARIABLE = YES;
				IPHONEOS_DEPLOYMENT_TARGET = 11.4;
				MTL_ENABLE_DEBUG_INFO = NO;
				SDKROOT = iphoneos;
				SWIFT_COMPILATION_MODE = wholemodule;
				SWIFT_OPTIMIZATION_LEVEL = "-O";
				VALIDATE_PRODUCT = YES;
			};
			name = Release;
		};
		3E702F5D2124C85D00A40939 /* Debug */ = {
			isa = XCBuildConfiguration;
			buildSettings = {
				ASSETCATALOG_COMPILER_APPICON_NAME = AppIcon;
				CODE_SIGN_STYLE = Automatic;
				DEVELOPMENT_TEAM = KY9W9NLJDU;
				INFOPLIST_FILE = FourInARow/Info.plist;
				LD_RUNPATH_SEARCH_PATHS = (
					"$(inherited)",
					"@executable_path/Frameworks",
				);
				PRODUCT_BUNDLE_IDENTIFIER = com.4mfd.project.practice.FourInARow;
				PRODUCT_NAME = "$(TARGET_NAME)";
				SWIFT_VERSION = 4.2;
				TARGETED_DEVICE_FAMILY = 1;
			};
			name = Debug;
		};
		3E702F5E2124C85D00A40939 /* Release */ = {
			isa = XCBuildConfiguration;
			buildSettings = {
				ASSETCATALOG_COMPILER_APPICON_NAME = AppIcon;
				CODE_SIGN_STYLE = Automatic;
				DEVELOPMENT_TEAM = KY9W9NLJDU;
				INFOPLIST_FILE = FourInARow/Info.plist;
				LD_RUNPATH_SEARCH_PATHS = (
					"$(inherited)",
					"@executable_path/Frameworks",
				);
				PRODUCT_BUNDLE_IDENTIFIER = com.4mfd.project.practice.FourInARow;
				PRODUCT_NAME = "$(TARGET_NAME)";
				SWIFT_VERSION = 4.2;
				TARGETED_DEVICE_FAMILY = 1;
			};
			name = Release;
		};
		3E702F6F2127D71A00A40939 /* Debug */ = {
			isa = XCBuildConfiguration;
			buildSettings = {
				BUNDLE_LOADER = "$(TEST_HOST)";
				CODE_SIGN_IDENTITY = "iPhone Developer";
				CODE_SIGN_STYLE = Automatic;
				DEVELOPMENT_TEAM = KY9W9NLJDU;
				INFOPLIST_FILE = FourInARowTests/Info.plist;
				LD_RUNPATH_SEARCH_PATHS = (
					"$(inherited)",
					"@executable_path/Frameworks",
					"@loader_path/Frameworks",
				);
				PRODUCT_BUNDLE_IDENTIFIER = com.4mfd.project.practice.FourInARowTests;
				PRODUCT_NAME = "$(TARGET_NAME)";
				PROVISIONING_PROFILE_SPECIFIER = "";
				SWIFT_VERSION = 4.2;
				TARGETED_DEVICE_FAMILY = "1,2";
				TEST_HOST = "$(BUILT_PRODUCTS_DIR)/FourInARow.app/FourInARow";
			};
			name = Debug;
		};
		3E702F702127D71A00A40939 /* Release */ = {
			isa = XCBuildConfiguration;
			buildSettings = {
				BUNDLE_LOADER = "$(TEST_HOST)";
				CODE_SIGN_IDENTITY = "iPhone Developer";
				CODE_SIGN_STYLE = Automatic;
				DEVELOPMENT_TEAM = KY9W9NLJDU;
				INFOPLIST_FILE = FourInARowTests/Info.plist;
				LD_RUNPATH_SEARCH_PATHS = (
					"$(inherited)",
					"@executable_path/Frameworks",
					"@loader_path/Frameworks",
				);
				PRODUCT_BUNDLE_IDENTIFIER = com.4mfd.project.practice.FourInARowTests;
				PRODUCT_NAME = "$(TARGET_NAME)";
				PROVISIONING_PROFILE_SPECIFIER = "";
				SWIFT_VERSION = 4.2;
				TARGETED_DEVICE_FAMILY = "1,2";
				TEST_HOST = "$(BUILT_PRODUCTS_DIR)/FourInARow.app/FourInARow";
			};
			name = Release;
		};
/* End XCBuildConfiguration section */

/* Begin XCConfigurationList section */
		3E702F452124C85B00A40939 /* Build configuration list for PBXProject "FourInARow" */ = {
			isa = XCConfigurationList;
			buildConfigurations = (
				3E702F5A2124C85D00A40939 /* Debug */,
				3E702F5B2124C85D00A40939 /* Release */,
			);
			defaultConfigurationIsVisible = 0;
			defaultConfigurationName = Release;
		};
		3E702F5C2124C85D00A40939 /* Build configuration list for PBXNativeTarget "FourInARow" */ = {
			isa = XCConfigurationList;
			buildConfigurations = (
				3E702F5D2124C85D00A40939 /* Debug */,
				3E702F5E2124C85D00A40939 /* Release */,
			);
			defaultConfigurationIsVisible = 0;
			defaultConfigurationName = Release;
		};
		3E702F6E2127D71A00A40939 /* Build configuration list for PBXNativeTarget "FourInARowTests" */ = {
			isa = XCConfigurationList;
			buildConfigurations = (
				3E702F6F2127D71A00A40939 /* Debug */,
				3E702F702127D71A00A40939 /* Release */,
			);
			defaultConfigurationIsVisible = 0;
			defaultConfigurationName = Release;
		};
/* End XCConfigurationList section */
	};
	rootObject = 3E702F422124C85B00A40939 /* Project object */;
}
